
Microsoft Visual Studio Solution File, Format Version 11.00
# Visual Studio 2010
Project("{FAE04EC0-301F-11D3-BF4B-00C04F79EFBC}") = "Framework.Data", "Framework.Data\Framework.Data.csproj", "{EF59BAA5-EFA1-4622-858B-8F3ADFABC1F5}"
EndProject
Project("{FAE04EC0-301F-11D3-BF4B-00C04F79EFBC}") = "Framework", "Framework\Framework.csproj", "{ABFD189A-C8E7-457B-9E91-49F39667B3B0}"
EndProject
Project("{FAE04EC0-301F-11D3-BF4B-00C04F79EFBC}") = "Framework.Data.Tests", "Framework.Data.Tests\Framework.Data.Tests.csproj", "{84795BC8-7E4B-4BDA-8356-C2A879270FFD}"
EndProject
Project("{2150E333-8FDC-42A3-9474-1A3956D46DE8}") = "Solution Items", "Solution Items", "{85BD12A4-9CC1-406B-A640-D32F17CC16B3}"
	ProjectSection(SolutionItems) = preProject
		Framework.vsmdi = Framework.vsmdi
		Local.testsettings = Local.testsettings
		TraceAndTestImpact.testsettings = TraceAndTestImpact.testsettings
	EndProjectSection
EndProject
Project("{FAE04EC0-301F-11D3-BF4B-00C04F79EFBC}") = "Framework.Metadata", "Framework.Metadata\Framework.Metadata.csproj", "{BB92617A-30CB-451A-82DF-78AFBBD37D81}"
EndProject
Project("{2150E333-8FDC-42A3-9474-1A3956D46DE8}") = "Tests", "Tests", "{C54127CE-6A35-4AD2-BFBD-E53D086BBD00}"
EndProject
Global
	GlobalSection(TestCaseManagementSettings) = postSolution
		CategoryFile = Framework.vsmdi
	EndGlobalSection
	GlobalSection(SolutionConfigurationPlatforms) = preSolution
		Debug|Any CPU = Debug|Any CPU
		Release|Any CPU = Release|Any CPU
	EndGlobalSection
	GlobalSection(ProjectConfigurationPlatforms) = postSolution
		{EF59BAA5-EFA1-4622-858B-8F3ADFABC1F5}.Debug|Any CPU.ActiveCfg = Debug|Any CPU
		{EF59BAA5-EFA1-4622-858B-8F3ADFABC1F5}.Debug|Any CPU.Build.0 = Debug|Any CPU
		{EF59BAA5-EFA1-4622-858B-8F3ADFABC1F5}.Release|Any CPU.ActiveCfg = Release|Any CPU
		{EF59BAA5-EFA1-4622-858B-8F3ADFABC1F5}.Release|Any CPU.Build.0 = Release|Any CPU
		{ABFD189A-C8E7-457B-9E91-49F39667B3B0}.Debug|Any CPU.ActiveCfg = Debug|Any CPU
		{ABFD189A-C8E7-457B-9E91-49F39667B3B0}.Debug|Any CPU.Build.0 = Debug|Any CPU
		{ABFD189A-C8E7-457B-9E91-49F39667B3B0}.Release|Any CPU.ActiveCfg = Release|Any CPU
		{ABFD189A-C8E7-457B-9E91-49F39667B3B0}.Release|Any CPU.Build.0 = Release|Any CPU
		{84795BC8-7E4B-4BDA-8356-C2A879270FFD}.Debug|Any CPU.ActiveCfg = Debug|Any CPU
		{84795BC8-7E4B-4BDA-8356-C2A879270FFD}.Debug|Any CPU.Build.0 = Debug|Any CPU
		{84795BC8-7E4B-4BDA-8356-C2A879270FFD}.Release|Any CPU.ActiveCfg = Release|Any CPU
		{84795BC8-7E4B-4BDA-8356-C2A879270FFD}.Release|Any CPU.Build.0 = Release|Any CPU
		{BB92617A-30CB-451A-82DF-78AFBBD37D81}.Debug|Any CPU.ActiveCfg = Debug|Any CPU
		{BB92617A-30CB-451A-82DF-78AFBBD37D81}.Debug|Any CPU.Build.0 = Debug|Any CPU
		{BB92617A-30CB-451A-82DF-78AFBBD37D81}.Release|Any CPU.ActiveCfg = Release|Any CPU
		{BB92617A-30CB-451A-82DF-78AFBBD37D81}.Release|Any CPU.Build.0 = Release|Any CPU
	EndGlobalSection
	GlobalSection(SolutionProperties) = preSolution
		HideSolutionNode = FALSE
	EndGlobalSection
	GlobalSection(NestedProjects) = preSolution
		{84795BC8-7E4B-4BDA-8356-C2A879270FFD} = {C54127CE-6A35-4AD2-BFBD-E53D086BBD00}
	EndGlobalSection
EndGlobal
